{
	"name": "mobx-graphlink-devtools",
	"version": "0.0.1",
	"lockfileVersion": 1,
	"requires": true,
	"dependencies": {
		"@types/common-tags": {
			"version": "1.8.1",
			"resolved": "https://registry.npmjs.org/@types/common-tags/-/common-tags-1.8.1.tgz",
			"integrity": "sha512-20R/mDpKSPWdJs5TOpz3e7zqbeCNuMCPhV7Yndk9KU2Rbij2r5W4RzwDPkzC+2lzUqXYu9rFzTktCBnDjHuNQg=="
		},
		"@types/json-schema": {
			"version": "7.0.9",
			"resolved": "https://registry.npmjs.org/@types/json-schema/-/json-schema-7.0.9.tgz",
			"integrity": "sha512-qcUXuemtEu+E5wZSJHNxUXeCZhAfXKQ41D+duX+VYPde7xyEVZci+/oXKJL13tnRs9lR2pr4fod59GT6/X1/yQ=="
		},
		"@types/node": {
			"version": "15.14.9",
			"resolved": "https://registry.npmjs.org/@types/node/-/node-15.14.9.tgz",
			"integrity": "sha512-qjd88DrCxupx/kJD5yQgZdcYKZKSIGBVDIBE1/LTGcNm3d2Np/jxojkdePDdfnBHJc5W7vSMpbJ1aB7p/Py69A=="
		},
		"@types/prop-types": {
			"version": "15.7.4",
			"resolved": "https://registry.npmjs.org/@types/prop-types/-/prop-types-15.7.4.tgz",
			"integrity": "sha512-rZ5drC/jWjrArrS8BR6SIr4cWpW09RNTYt9AMZo3Jwwif+iacXAqgVjm0B0Bv/S1jhDXKHqRVNCbACkJ89RAnQ==",
			"dev": true
		},
		"@types/react": {
			"version": "17.0.21",
			"resolved": "https://registry.npmjs.org/@types/react/-/react-17.0.21.tgz",
			"integrity": "sha512-GzzXCpOthOjXvrAUFQwU/svyxu658cwu00Q9ugujS4qc1zXgLFaO0kS2SLOaMWLt2Jik781yuHCWB7UcYdGAeQ==",
			"dev": true,
			"requires": {
				"@types/prop-types": "*",
				"@types/scheduler": "*",
				"csstype": "^3.0.2"
			}
		},
		"@types/scheduler": {
			"version": "0.16.2",
			"resolved": "https://registry.npmjs.org/@types/scheduler/-/scheduler-0.16.2.tgz",
			"integrity": "sha512-hppQEBDmlwhFAXKJX2KnWLYu5yMfi91yazPb2l+lbJiwW+wdo1gNeRA+3RgNSO39WYX2euey41KEwnqesU2Jew==",
			"dev": true
		},
		"@vforks/get-graphql-from-jsonschema": {
			"version": "8.0.12-5",
			"resolved": "https://registry.npmjs.org/@vforks/get-graphql-from-jsonschema/-/get-graphql-from-jsonschema-8.0.12-5.tgz",
			"integrity": "sha512-mxS7UHINlZUg5FfblNSIO81jw7mklQeSd0sX6y27Y3CN0iAvQU+Jmz/iF3YfRZh6mB1O9fDnNFtP7u+ovQLVTQ==",
			"requires": {
				"@types/common-tags": "1.8.1",
				"@types/json-schema": "7.0.8",
				"common-tags": "1.8.0",
				"defekt": "7.3.1"
			},
			"dependencies": {
				"@types/json-schema": {
					"version": "7.0.8",
					"resolved": "https://registry.npmjs.org/@types/json-schema/-/json-schema-7.0.8.tgz",
					"integrity": "sha512-YSBPTLTVm2e2OoQIDYx8HaeWJ5tTToLH67kXR7zYNGupXMEHa2++G8k+DczX2cFVgalypqtyZIcU19AFcmOpmg=="
				}
			}
		},
		"ajv": {
			"version": "6.12.6",
			"resolved": "https://registry.npmjs.org/ajv/-/ajv-6.12.6.tgz",
			"integrity": "sha512-j3fVLgvTo527anyYyJOGTYJbG+vnnQYvE0m5mmkc1TK+nxAppkCLMIL0aZ4dblVCNoGShhm+kzE4ZUykBoMg4g==",
			"requires": {
				"fast-deep-equal": "^3.1.1",
				"fast-json-stable-stringify": "^2.0.0",
				"json-schema-traverse": "^0.4.1",
				"uri-js": "^4.2.2"
			}
		},
		"ajv-keywords": {
			"version": "3.5.2",
			"resolved": "https://registry.npmjs.org/ajv-keywords/-/ajv-keywords-3.5.2.tgz",
			"integrity": "sha512-5p6WTN0DdTGVQk6VjcEju19IgaHudalcfabD7yhDGeA6bcQnmL+CpveLJq/3hvfwd1aof6L386Ougkx6RfyMIQ=="
		},
		"anymatch": {
			"version": "3.1.2",
			"resolved": "https://registry.npmjs.org/anymatch/-/anymatch-3.1.2.tgz",
			"integrity": "sha512-P43ePfOAIupkguHUycrc4qJ9kz8ZiuOUijaETwX7THt0Y/GNK7v0aa8rY816xWjZ7rJdA5XdMcpVFTKMq+RvWg==",
			"requires": {
				"normalize-path": "^3.0.0",
				"picomatch": "^2.0.4"
			}
		},
		"base64-js": {
			"version": "1.5.1",
			"resolved": "https://registry.npmjs.org/base64-js/-/base64-js-1.5.1.tgz",
			"integrity": "sha512-AKpaYlHn8t4SVbOHCy+b5+KKgvR4vrsD8vbvrbiQJps7fKDTkjkDry6ji0rUJjC0kzbNePLwzxq8iypo41qeWA=="
		},
		"binary-extensions": {
			"version": "2.2.0",
			"resolved": "https://registry.npmjs.org/binary-extensions/-/binary-extensions-2.2.0.tgz",
			"integrity": "sha512-jDctJ/IVQbZoJykoeHbhXpOlNBqGNcwXJKJog42E5HDPUwQTSdjCHdihjj0DlnheQ7blbT6dHOafNAiS8ooQKA=="
		},
		"braces": {
			"version": "3.0.2",
			"resolved": "https://registry.npmjs.org/braces/-/braces-3.0.2.tgz",
			"integrity": "sha512-b8um+L1RzM3WDSzvhm6gIz1yfTbBt6YTlcEKAvsmqCZZFw46z626lVj9j1yEPW33H5H+lBQpZMP1k8l+78Ha0A==",
			"requires": {
				"fill-range": "^7.0.1"
			}
		},
		"buffer": {
			"version": "6.0.3",
			"resolved": "https://registry.npmjs.org/buffer/-/buffer-6.0.3.tgz",
			"integrity": "sha512-FTiCpNxtwiZZHEZbcbTIcZjERVICn9yq/pDFkTl95/AxzD1naBctN7YO68riM/gLSDY7sdrMby8hofADYuuqOA==",
			"requires": {
				"base64-js": "^1.3.1",
				"ieee754": "^1.2.1"
			}
		},
		"chokidar": {
			"version": "3.5.2",
			"resolved": "https://registry.npmjs.org/chokidar/-/chokidar-3.5.2.tgz",
			"integrity": "sha512-ekGhOnNVPgT77r4K/U3GDhu+FQ2S8TnK/s2KbIGXi0SZWuwkZ2QNyfWdZW+TVfn84DpEP7rLeCt2UI6bJ8GwbQ==",
			"requires": {
				"anymatch": "~3.1.2",
				"braces": "~3.0.2",
				"fsevents": "~2.3.2",
				"glob-parent": "~5.1.2",
				"is-binary-path": "~2.1.0",
				"is-glob": "~4.0.1",
				"normalize-path": "~3.0.0",
				"readdirp": "~3.6.0"
			}
		},
		"colorette": {
			"version": "1.2.1",
			"resolved": "https://registry.npmjs.org/colorette/-/colorette-1.2.1.tgz",
			"integrity": "sha512-puCDz0CzydiSYOrnXpz/PKd69zRrribezjtE9yd4zvytoRc8+RY/KJPvtPFKZS3E3wP6neGyMe0vOTlHO5L3Pw=="
		},
		"commander": {
			"version": "8.2.0",
			"resolved": "https://registry.npmjs.org/commander/-/commander-8.2.0.tgz",
			"integrity": "sha512-LLKxDvHeL91/8MIyTAD5BFMNtoIwztGPMiM/7Bl8rIPmHCZXRxmSWr91h57dpOpnQ6jIUqEWdXE/uBYMfiVZDA=="
		},
		"common-tags": {
			"version": "1.8.0",
			"resolved": "https://registry.npmjs.org/common-tags/-/common-tags-1.8.0.tgz",
			"integrity": "sha512-6P6g0uetGpW/sdyUy/iQQCbFF0kWVMSIVSyYz7Zgjcgh8mgw8PQzDNZeyZ5DQ2gM7LBoZPHmnjz8rUthkBG5tw=="
		},
		"csstype": {
			"version": "3.0.9",
			"resolved": "https://registry.npmjs.org/csstype/-/csstype-3.0.9.tgz",
			"integrity": "sha512-rpw6JPxK6Rfg1zLOYCSwle2GFOOsnjmDYDaBwEcwoOg4qlsIVCN789VkBZDJAGi4T07gI4YSutR43t9Zz4Lzuw==",
			"dev": true
		},
		"debug": {
			"version": "4.3.2",
			"resolved": "https://registry.npmjs.org/debug/-/debug-4.3.2.tgz",
			"integrity": "sha512-mOp8wKcvj7XxC78zLgw/ZA+6TSgkoE2C/ienthhRD298T7UNwAg9diBpLRxC0mOezLl4B0xV7M0cCO6P/O0Xhw==",
			"requires": {
				"ms": "2.1.2"
			}
		},
		"defekt": {
			"version": "7.3.1",
			"resolved": "https://registry.npmjs.org/defekt/-/defekt-7.3.1.tgz",
			"integrity": "sha512-eoNz/SZg9ZX2fr6z/03z6QZXQDQoVj2CsGVD/2CrtRLUnc/2lM7yjnlEc0KuZyBhlsTvbnCP8GOUwbQLgWfRcw=="
		},
		"escalade": {
			"version": "3.1.1",
			"resolved": "https://registry.npmjs.org/escalade/-/escalade-3.1.1.tgz",
			"integrity": "sha512-k0er2gUkLf8O0zKJiAhmkTnJlTvINGv7ygDNPbeIsX/TJjGJZHuh9B2UxbsaEkmlEo9MfhrSzmhIlhRlI2GXnw=="
		},
		"esm": {
			"version": "3.2.25",
			"resolved": "https://registry.npmjs.org/esm/-/esm-3.2.25.tgz",
			"integrity": "sha512-U1suiZ2oDVWv4zPO56S0NcR5QriEahGtdN2OR6FiOG4WJvcjBVFB0qI4+eKoWFH483PKGuLuu6V8Z4T5g63UVA=="
		},
		"fast-deep-equal": {
			"version": "3.1.3",
			"resolved": "https://registry.npmjs.org/fast-deep-equal/-/fast-deep-equal-3.1.3.tgz",
			"integrity": "sha512-f3qQ9oQy9j2AhBe/H9VC91wLmKBCCU/gDOnKNAYG5hswO7BLKj09Hc5HYNz9cGI++xlpDCIgDaitVs03ATR84Q=="
		},
		"fast-json-stable-stringify": {
			"version": "2.1.0",
			"resolved": "https://registry.npmjs.org/fast-json-stable-stringify/-/fast-json-stable-stringify-2.1.0.tgz",
			"integrity": "sha512-lhd/wF+Lk98HZoTCtlVraHtfh5XYijIjalXck7saUtuanSDyLMxnHhSXEDJqHxD7msR8D0uCmqlkwjCV8xvwHw=="
		},
		"fill-range": {
			"version": "7.0.1",
			"resolved": "https://registry.npmjs.org/fill-range/-/fill-range-7.0.1.tgz",
			"integrity": "sha512-qOo9F+dMUmC2Lcb4BbVvnKJxTPjCm+RRpe4gDuGrzkL7mEVl/djYSu2OdQ2Pa302N4oqkSg9ir6jaLWJ2USVpQ==",
			"requires": {
				"to-regex-range": "^5.0.1"
			}
		},
		"fsevents": {
			"version": "2.3.2",
			"resolved": "https://registry.npmjs.org/fsevents/-/fsevents-2.3.2.tgz",
			"integrity": "sha512-xiqMQR4xAeHTuB9uWm+fFRcIOgKBMiOBP+eXiyT7jsgVCq1bkVygt00oASowB7EdtpOHaaPgKt812P9ab+DDKA==",
			"optional": true
		},
		"function-bind": {
			"version": "1.1.1",
			"resolved": "https://registry.npmjs.org/function-bind/-/function-bind-1.1.1.tgz",
			"integrity": "sha512-yIovAzMX49sF8Yl58fSCWJ5svSLuaibPxXQJFLmBObTuCr0Mf1KiPopGM9NiFjiYBCbfaa2Fh6breQ6ANVTI0A=="
		},
		"getopts": {
			"version": "2.2.5",
			"resolved": "https://registry.npmjs.org/getopts/-/getopts-2.2.5.tgz",
			"integrity": "sha512-9jb7AW5p3in+IiJWhQiZmmwkpLaR/ccTWdWQCtZM66HJcHHLegowh4q4tSD7gouUyeNvFWRavfK9GXosQHDpFA=="
		},
		"glob-parent": {
			"version": "5.1.2",
			"resolved": "https://registry.npmjs.org/glob-parent/-/glob-parent-5.1.2.tgz",
			"integrity": "sha512-AOIgSQCepiJYwP3ARnGx+5VnTu2HBYdzbGP45eLw1vr3zB3vZLeyed1sC9hnbcOc9/SrMyM5RPQrkGz4aS9Zow==",
			"requires": {
				"is-glob": "^4.0.1"
			}
		},
		"globalyzer": {
			"version": "0.1.0",
			"resolved": "https://registry.npmjs.org/globalyzer/-/globalyzer-0.1.0.tgz",
			"integrity": "sha512-40oNTM9UfG6aBmuKxk/giHn5nQ8RVz/SS4Ir6zgzOv9/qC3kKZ9v4etGTcJbEl/NyVQH7FGU7d+X1egr57Md2Q=="
		},
		"globrex": {
			"version": "0.1.2",
			"resolved": "https://registry.npmjs.org/globrex/-/globrex-0.1.2.tgz",
			"integrity": "sha512-uHJgbwAMwNFf5mLst7IWLNg14x1CkeqglJb/K3doi4dw6q2IvAAmM/Y81kevy83wP+Sst+nutFTYOGg3d1lsxg=="
		},
		"has": {
			"version": "1.0.3",
			"resolved": "https://registry.npmjs.org/has/-/has-1.0.3.tgz",
			"integrity": "sha512-f2dvO0VU6Oej7RkWJGrehjbzMAjFp5/VKPp5tTpWIV4JHHZK1/BxbFRtf/siA2SWTe09caDmVtYYzWEIbBS4zw==",
			"requires": {
				"function-bind": "^1.1.1"
			}
		},
		"ieee754": {
			"version": "1.2.1",
			"resolved": "https://registry.npmjs.org/ieee754/-/ieee754-1.2.1.tgz",
			"integrity": "sha512-dcyqhDvX1C46lXZcVqCpK+FtMRQVdIMN6/Df5js2zouUsqG7I6sFxitIC+7KYK29KdXOLHdu9zL4sFnoVQnqaA=="
		},
		"interpret": {
			"version": "2.2.0",
			"resolved": "https://registry.npmjs.org/interpret/-/interpret-2.2.0.tgz",
			"integrity": "sha512-Ju0Bz/cEia55xDwUWEa8+olFpCiQoypjnQySseKtmjNrnps3P+xfpUmGr90T7yjlVJmOtybRvPXhKMbHr+fWnw=="
		},
		"is-binary-path": {
			"version": "2.1.0",
			"resolved": "https://registry.npmjs.org/is-binary-path/-/is-binary-path-2.1.0.tgz",
			"integrity": "sha512-ZMERYes6pDydyuGidse7OsHxtbI7WVeUEozgR/g7rd0xUimYNlvZRE/K2MgZTjWy725IfelLeVcEM97mmtRGXw==",
			"requires": {
				"binary-extensions": "^2.0.0"
			}
		},
		"is-core-module": {
			"version": "2.6.0",
			"resolved": "https://registry.npmjs.org/is-core-module/-/is-core-module-2.6.0.tgz",
			"integrity": "sha512-wShG8vs60jKfPWpF2KZRaAtvt3a20OAn7+IJ6hLPECpSABLcKtFKTTI4ZtH5QcBruBHlq+WsdHWyz0BCZW7svQ==",
			"requires": {
				"has": "^1.0.3"
			}
		},
		"is-extglob": {
			"version": "2.1.1",
			"resolved": "https://registry.npmjs.org/is-extglob/-/is-extglob-2.1.1.tgz",
			"integrity": "sha1-qIwCU1eR8C7TfHahueqXc8gz+MI="
		},
		"is-glob": {
			"version": "4.0.1",
			"resolved": "https://registry.npmjs.org/is-glob/-/is-glob-4.0.1.tgz",
			"integrity": "sha512-5G0tKtBTFImOqDnLB2hG6Bp2qcKEFduo4tZu9MT/H6NQv/ghhy30o55ufafxJ/LdH79LLs2Kfrn85TLKyA7BUg==",
			"requires": {
				"is-extglob": "^2.1.1"
			}
		},
		"is-number": {
			"version": "7.0.0",
			"resolved": "https://registry.npmjs.org/is-number/-/is-number-7.0.0.tgz",
			"integrity": "sha512-41Cifkg6e8TylSpdtTpeLVMqvSBEVzTttHvERD741+pnZ8ANv0004MRL43QKPDlK9cGvNp6NZWZUBlbGXYxxng=="
		},
		"js-tokens": {
			"version": "4.0.0",
			"resolved": "https://registry.npmjs.org/js-tokens/-/js-tokens-4.0.0.tgz",
			"integrity": "sha512-RdJUflcE3cUzKiMqQgsCu06FPu9UdIJO0beYbPhHN4k6apgJtifcoCtT9bcxOpYBtpD2kCM6Sbzg4CausW/PKQ=="
		},
		"js-vextensions": {
			"version": "1.0.66",
			"resolved": "https://registry.npmjs.org/js-vextensions/-/js-vextensions-1.0.66.tgz",
			"integrity": "sha512-W/IxalxAecc1AC0jCPyyLCEPjdhZ6xgPI3xLvyqoRjmpa1OU+DC9xO7HRAoAJVs6gMMPgrJgs/1Q8yCg9cHx1A=="
		},
		"json-schema-traverse": {
			"version": "0.4.1",
			"resolved": "https://registry.npmjs.org/json-schema-traverse/-/json-schema-traverse-0.4.1.tgz",
			"integrity": "sha512-xbbCH5dCYU5T8LcEhhuh7HJ88HXuW3qsI3Y0zOZFKfZEHcpWiHU/Jxzk629Brsab/mMiHQti9wMP+845RPe3Vg=="
		},
		"knex": {
			"version": "0.95.11",
			"resolved": "https://registry.npmjs.org/knex/-/knex-0.95.11.tgz",
			"integrity": "sha512-grDetD91O8VoQVCFqeWTgkzdq5406W6rggF/lK1hHuwzmjDs/0m9KxyncGdZbklTi7aUgHvw3+Cfy4x7FvpdaQ==",
			"requires": {
				"colorette": "1.2.1",
				"commander": "^7.1.0",
				"debug": "4.3.2",
				"escalade": "^3.1.1",
				"esm": "^3.2.25",
				"getopts": "2.2.5",
				"interpret": "^2.2.0",
				"lodash": "^4.17.21",
				"pg-connection-string": "2.5.0",
				"rechoir": "0.7.0",
				"resolve-from": "^5.0.0",
				"tarn": "^3.0.1",
				"tildify": "2.0.0"
			},
			"dependencies": {
				"commander": {
					"version": "7.2.0",
					"resolved": "https://registry.npmjs.org/commander/-/commander-7.2.0.tgz",
					"integrity": "sha512-QrWXB+ZQSVPmIWIhtEO9H+gwHaMGYiF5ChvoJ+K9ZGHG/sVsa6yiesAD1GC/x46sET00Xlwo1u49RVVVzvcSkw=="
				}
			}
		},
		"lodash": {
			"version": "4.17.21",
			"resolved": "https://registry.npmjs.org/lodash/-/lodash-4.17.21.tgz",
			"integrity": "sha512-v2kDEe57lecTulaDIuNTPy3Ry4gLGJ6Z1O3vE1krgXZNrsQ+LFTGHVxVjcXPs17LhbZVGedAJv8XZ1tvj5FvSg=="
		},
		"loose-envify": {
			"version": "1.4.0",
			"resolved": "https://registry.npmjs.org/loose-envify/-/loose-envify-1.4.0.tgz",
			"integrity": "sha512-lyuxPGr/Wfhrlem2CL/UcnUc1zcqKAImBDzukY7Y5F/yQiNdko6+fRLevlw1HgMySw7f611UIY408EtxRSoK3Q==",
			"requires": {
				"js-tokens": "^3.0.0 || ^4.0.0"
			}
		},
		"mobx-graphlink": {
			"version": "0.0.9",
			"resolved": "https://registry.npmjs.org/mobx-graphlink/-/mobx-graphlink-0.0.9.tgz",
			"integrity": "sha512-KK8CtyNE6atw+avJuLS2Tq5ftM8vG/dM5+FLwBvEni3kkKKA4swPDY15VEjADbo2kJ4dCnNjcCazEx/uQApOGw==",
			"requires": {
				"@types/json-schema": "^7.0.8",
				"@types/node": "^15.12.4",
				"@vforks/get-graphql-from-jsonschema": "8.0.12-5",
				"ajv": "^6.12.6",
				"ajv-keywords": "^3.5.2",
				"buffer": "^6.0.3",
				"chokidar": "^3.5.2",
				"commander": "^8.0.0",
				"js-vextensions": "^1.0.65",
				"knex": "^0.95.6",
				"strip-comments": "^2.0.1",
				"tiny-glob": "^0.2.9",
				"updeep": "^1.2.0",
				"uuid": "^8.3.2"
			}
		},
		"ms": {
			"version": "2.1.2",
			"resolved": "https://registry.npmjs.org/ms/-/ms-2.1.2.tgz",
			"integrity": "sha512-sGkPx+VjMtmA6MX27oA4FBFELFCZZ4S4XqeGOXCv68tT+jb3vk/RyaKWP0PTKyWtmLSM0b+adUTEvbs1PEaH2w=="
		},
		"normalize-path": {
			"version": "3.0.0",
			"resolved": "https://registry.npmjs.org/normalize-path/-/normalize-path-3.0.0.tgz",
			"integrity": "sha512-6eZs5Ls3WtCisHWp9S2GUy8dqkpGi4BVSz3GaqiE6ezub0512ESztXUwUB6C6IKbQkY2Pnb/mD4WYojCRwcwLA=="
		},
		"object-assign": {
			"version": "4.1.1",
			"resolved": "https://registry.npmjs.org/object-assign/-/object-assign-4.1.1.tgz",
			"integrity": "sha1-IQmtx5ZYh8/AXLvUQsrIv7s2CGM="
		},
		"path-parse": {
			"version": "1.0.7",
			"resolved": "https://registry.npmjs.org/path-parse/-/path-parse-1.0.7.tgz",
			"integrity": "sha512-LDJzPVEEEPR+y48z93A0Ed0yXb8pAByGWo/k5YYdYgpY2/2EsOsksJrq7lOHxryrVOn1ejG6oAp8ahvOIQD8sw=="
		},
		"pg-connection-string": {
			"version": "2.5.0",
			"resolved": "https://registry.npmjs.org/pg-connection-string/-/pg-connection-string-2.5.0.tgz",
			"integrity": "sha512-r5o/V/ORTA6TmUnyWZR9nCj1klXCO2CEKNRlVuJptZe85QuhFayC7WeMic7ndayT5IRIR0S0xFxFi2ousartlQ=="
		},
		"picomatch": {
			"version": "2.3.0",
			"resolved": "https://registry.npmjs.org/picomatch/-/picomatch-2.3.0.tgz",
			"integrity": "sha512-lY1Q/PiJGC2zOv/z391WOTD+Z02bCgsFfvxoXXf6h7kv9o+WmsmzYqrAwY63sNgOxE4xEdq0WyUnXfKeBrSvYw=="
		},
		"prop-types": {
			"version": "15.7.2",
			"resolved": "https://registry.npmjs.org/prop-types/-/prop-types-15.7.2.tgz",
			"integrity": "sha512-8QQikdH7//R2vurIJSutZ1smHYTcLpRWEOlHnzcWHmBYrOGUysKwSsrC89BCiFj3CbrfJ/nXFdJepOVrY1GCHQ==",
			"requires": {
				"loose-envify": "^1.4.0",
				"object-assign": "^4.1.1",
				"react-is": "^16.8.1"
			}
		},
		"punycode": {
			"version": "2.1.1",
			"resolved": "https://registry.npmjs.org/punycode/-/punycode-2.1.1.tgz",
			"integrity": "sha512-XRsRjdf+j5ml+y/6GKHPZbrF/8p2Yga0JPtdqTIY2Xe5ohJPD9saDJJLPvp9+NSBprVvevdXZybnj2cv8OEd0A=="
		},
		"react": {
			"version": "16.14.0",
			"resolved": "https://registry.npmjs.org/react/-/react-16.14.0.tgz",
			"integrity": "sha512-0X2CImDkJGApiAlcf0ODKIneSwBPhqJawOa5wCtKbu7ZECrmS26NvtSILynQ66cgkT/RJ4LidJOc3bUESwmU8g==",
			"requires": {
				"loose-envify": "^1.1.0",
				"object-assign": "^4.1.1",
				"prop-types": "^15.6.2"
			}
		},
		"react-dom": {
			"version": "16.14.0",
			"resolved": "https://registry.npmjs.org/react-dom/-/react-dom-16.14.0.tgz",
			"integrity": "sha512-1gCeQXDLoIqMgqD3IO2Ah9bnf0w9kzhwN5q4FGnHZ67hBm9yePzB5JJAIQCc8x3pFnNlwFq4RidZggNAAkzWWw==",
			"requires": {
				"loose-envify": "^1.1.0",
				"object-assign": "^4.1.1",
				"prop-types": "^15.6.2",
				"scheduler": "^0.19.1"
			}
		},
		"react-is": {
			"version": "16.13.1",
			"resolved": "https://registry.npmjs.org/react-is/-/react-is-16.13.1.tgz",
			"integrity": "sha512-24e6ynE2H+OKt4kqsOvNd8kBpV65zoxbA4BVsEOB3ARVWQki/DHzaUoC5KuON/BiccDaCCTZBuOcfZs70kR8bQ=="
		},
		"readdirp": {
			"version": "3.6.0",
			"resolved": "https://registry.npmjs.org/readdirp/-/readdirp-3.6.0.tgz",
			"integrity": "sha512-hOS089on8RduqdbhvQ5Z37A0ESjsqz6qnRcffsMU3495FuTdqSm+7bhJ29JvIOsBDEEnan5DPu9t3To9VRlMzA==",
			"requires": {
				"picomatch": "^2.2.1"
			}
		},
		"rechoir": {
			"version": "0.7.0",
			"resolved": "https://registry.npmjs.org/rechoir/-/rechoir-0.7.0.tgz",
			"integrity": "sha512-ADsDEH2bvbjltXEP+hTIAmeFekTFK0V2BTxMkok6qILyAJEXV0AFfoWcAq4yfll5VdIMd/RVXq0lR+wQi5ZU3Q==",
			"requires": {
				"resolve": "^1.9.0"
			}
		},
		"resolve": {
			"version": "1.20.0",
			"resolved": "https://registry.npmjs.org/resolve/-/resolve-1.20.0.tgz",
			"integrity": "sha512-wENBPt4ySzg4ybFQW2TT1zMQucPK95HSh/nq2CFTZVOGut2+pQvSsgtda4d26YrYcr067wjbmzOG8byDPBX63A==",
			"requires": {
				"is-core-module": "^2.2.0",
				"path-parse": "^1.0.6"
			}
		},
		"resolve-from": {
			"version": "5.0.0",
			"resolved": "https://registry.npmjs.org/resolve-from/-/resolve-from-5.0.0.tgz",
			"integrity": "sha512-qYg9KP24dD5qka9J47d0aVky0N+b4fTU89LN9iDnjB5waksiC49rvMB0PrUJQGoTmH50XPiqOvAjDfaijGxYZw=="
		},
		"scheduler": {
			"version": "0.19.1",
			"resolved": "https://registry.npmjs.org/scheduler/-/scheduler-0.19.1.tgz",
			"integrity": "sha512-n/zwRWRYSUj0/3g/otKDRPMh6qv2SYMWNq85IEa8iZyAv8od9zDYpGSnpBEjNgcMNq6Scbu5KfIPxNF72R/2EA==",
			"requires": {
				"loose-envify": "^1.1.0",
				"object-assign": "^4.1.1"
			}
		},
		"strip-comments": {
			"version": "2.0.1",
			"resolved": "https://registry.npmjs.org/strip-comments/-/strip-comments-2.0.1.tgz",
			"integrity": "sha512-ZprKx+bBLXv067WTCALv8SSz5l2+XhpYCsVtSqlMnkAXMWDq+/ekVbl1ghqP9rUHTzv6sm/DwCOiYutU/yp1fw=="
		},
		"tarn": {
			"version": "3.0.1",
			"resolved": "https://registry.npmjs.org/tarn/-/tarn-3.0.1.tgz",
			"integrity": "sha512-6usSlV9KyHsspvwu2duKH+FMUhqJnAh6J5J/4MITl8s94iSUQTLkJggdiewKv4RyARQccnigV48Z+khiuVZDJw=="
		},
		"tildify": {
			"version": "2.0.0",
			"resolved": "https://registry.npmjs.org/tildify/-/tildify-2.0.0.tgz",
			"integrity": "sha512-Cc+OraorugtXNfs50hU9KS369rFXCfgGLpfCfvlc+Ud5u6VWmUQsOAa9HbTvheQdYnrdJqqv1e5oIqXppMYnSw=="
		},
		"tiny-glob": {
			"version": "0.2.9",
			"resolved": "https://registry.npmjs.org/tiny-glob/-/tiny-glob-0.2.9.tgz",
			"integrity": "sha512-g/55ssRPUjShh+xkfx9UPDXqhckHEsHr4Vd9zX55oSdGZc/MD0m3sferOkwWtp98bv+kcVfEHtRJgBVJzelrzg==",
			"requires": {
				"globalyzer": "0.1.0",
				"globrex": "^0.1.2"
			}
		},
		"to-regex-range": {
			"version": "5.0.1",
			"resolved": "https://registry.npmjs.org/to-regex-range/-/to-regex-range-5.0.1.tgz",
			"integrity": "sha512-65P7iz6X5yEr1cwcgvQxbbIw7Uk3gOy5dIdtZ4rDveLqhrdJP+Li/Hx6tyK0NEb+2GCyneCMJiGqrADCSNk8sQ==",
			"requires": {
				"is-number": "^7.0.0"
			}
		},
		"typescript": {
			"version": "4.4.3",
			"resolved": "https://registry.npmjs.org/typescript/-/typescript-4.4.3.tgz",
			"integrity": "sha512-4xfscpisVgqqDfPaJo5vkd+Qd/ItkoagnHpufr+i2QCHBsNYp+G7UAoyFl8aPtx879u38wPV65rZ8qbGZijalA==",
			"dev": true
		},
		"updeep": {
			"version": "1.2.1",
			"resolved": "https://registry.npmjs.org/updeep/-/updeep-1.2.1.tgz",
			"integrity": "sha512-cqWsgE1DVNkUeKW+1OfnftBNtSXnxep4aj8GS5oI0dkSfOIU1T6N3vADLhp9EtFPpmmCBHKMQAtsr2b2KY9Lyg==",
			"requires": {
				"lodash": "^4.2.0"
			}
		},
		"uri-js": {
			"version": "4.4.1",
			"resolved": "https://registry.npmjs.org/uri-js/-/uri-js-4.4.1.tgz",
			"integrity": "sha512-7rKUyy33Q1yc98pQ1DAmLtwX109F7TIfWlW1Ydo8Wl1ii1SeHieeh0HHfPeL2fMXK6z0s8ecKs9frCuLJvndBg==",
			"requires": {
				"punycode": "^2.1.0"
			}
		},
		"uuid": {
			"version": "8.3.2",
			"resolved": "https://registry.npmjs.org/uuid/-/uuid-8.3.2.tgz",
			"integrity": "sha512-+NYs2QeMWy+GWFOEm9xnn6HCDp0l7QBD7ml8zLUmJ+93Q5NF0NocErnwkTkXVFNiX3/fpC6afS8Dhb/gz7R7eg=="
		}
	}
}
